
Microsoft Visual Studio Solution File, Format Version 12.00
# Visual Studio Version 17
VisualStudioVersion = 17.7.34003.232
MinimumVisualStudioVersion = 10.0.40219.1
Project("{FAE04EC0-301F-11D3-BF4B-00C04F79EFBC}") = "Multiple_Inheritance_Interface", "Multiple_Inheritance_Interface\Multiple_Inheritance_Interface.csproj", "{33F8C84D-8614-41D3-9F1C-8CAF38E9B0BA}"
EndProject
Global
	GlobalSection(SolutionConfigurationPlatforms) = preSolution
		Debug|Any CPU = Debug|Any CPU
		Release|Any CPU = Release|Any CPU
	EndGlobalSection
	GlobalSection(ProjectConfigurationPlatforms) = postSolution
		{33F8C84D-8614-41D3-9F1C-8CAF38E9B0BA}.Debug|Any CPU.ActiveCfg = Debug|Any CPU
		{33F8C84D-8614-41D3-9F1C-8CAF38E9B0BA}.Debug|Any CPU.Build.0 = Debug|Any CPU
		{33F8C84D-8614-41D3-9F1C-8CAF38E9B0BA}.Release|Any CPU.ActiveCfg = Release|Any CPU
		{33F8C84D-8614-41D3-9F1C-8CAF38E9B0BA}.Release|Any CPU.Build.0 = Release|Any CPU
	EndGlobalSection
	GlobalSection(SolutionProperties) = preSolution
		HideSolutionNode = FALSE
	EndGlobalSection
	GlobalSection(ExtensibilityGlobals) = postSolution
		SolutionGuid = {660C6E1D-89C8-45C5-9E9C-EC38363000C3}
	EndGlobalSection
EndGlobal
