
Microsoft Visual Studio Solution File, Format Version 12.00
# Visual Studio Version 17
VisualStudioVersion = 17.7.34018.315
MinimumVisualStudioVersion = 10.0.40219.1
Project("{9A19103F-16F7-4668-BE54-9A1E7A4F7556}") = "Event-Management-System", "..\Event-Management-System\Event-Management-System\Event-Management-System.csproj", "{B9DCB7DE-A94D-4347-B230-E0FDF218A89E}"
EndProject
Global
	GlobalSection(SolutionConfigurationPlatforms) = preSolution
		Debug|Any CPU = Debug|Any CPU
		Release|Any CPU = Release|Any CPU
	EndGlobalSection
	GlobalSection(ProjectConfigurationPlatforms) = postSolution
		{B9DCB7DE-A94D-4347-B230-E0FDF218A89E}.Debug|Any CPU.ActiveCfg = Debug|Any CPU
		{B9DCB7DE-A94D-4347-B230-E0FDF218A89E}.Debug|Any CPU.Build.0 = Debug|Any CPU
		{B9DCB7DE-A94D-4347-B230-E0FDF218A89E}.Release|Any CPU.ActiveCfg = Release|Any CPU
		{B9DCB7DE-A94D-4347-B230-E0FDF218A89E}.Release|Any CPU.Build.0 = Release|Any CPU
	EndGlobalSection
	GlobalSection(SolutionProperties) = preSolution
		HideSolutionNode = FALSE
	EndGlobalSection
	GlobalSection(ExtensibilityGlobals) = postSolution
		SolutionGuid = {6A52ACD7-E820-43DA-B186-141DCF5960E6}
	EndGlobalSection
EndGlobal
