
Microsoft Visual Studio Solution File, Format Version 12.00
# Visual Studio Version 17
VisualStudioVersion = 17.7.34003.232
MinimumVisualStudioVersion = 10.0.40219.1
Project("{FAE04EC0-301F-11D3-BF4B-00C04F79EFBC}") = "Properties_Csharp", "Properties_Csharp\Properties_Csharp.csproj", "{B441144E-2922-4553-9D5B-47A35D2EDB07}"
EndProject
Global
	GlobalSection(SolutionConfigurationPlatforms) = preSolution
		Debug|Any CPU = Debug|Any CPU
		Release|Any CPU = Release|Any CPU
	EndGlobalSection
	GlobalSection(ProjectConfigurationPlatforms) = postSolution
		{B441144E-2922-4553-9D5B-47A35D2EDB07}.Debug|Any CPU.ActiveCfg = Debug|Any CPU
		{B441144E-2922-4553-9D5B-47A35D2EDB07}.Debug|Any CPU.Build.0 = Debug|Any CPU
		{B441144E-2922-4553-9D5B-47A35D2EDB07}.Release|Any CPU.ActiveCfg = Release|Any CPU
		{B441144E-2922-4553-9D5B-47A35D2EDB07}.Release|Any CPU.Build.0 = Release|Any CPU
	EndGlobalSection
	GlobalSection(SolutionProperties) = preSolution
		HideSolutionNode = FALSE
	EndGlobalSection
	GlobalSection(ExtensibilityGlobals) = postSolution
		SolutionGuid = {98BA6920-B04E-46B4-A9C5-B43ECAE2974B}
	EndGlobalSection
EndGlobal
