
Microsoft Visual Studio Solution File, Format Version 12.00
# Visual Studio Version 17
VisualStudioVersion = 17.7.34003.232
MinimumVisualStudioVersion = 10.0.40219.1
Project("{FAE04EC0-301F-11D3-BF4B-00C04F79EFBC}") = "Abstraction_Csharp", "Abstraction_Csharp\Abstraction_Csharp.csproj", "{8BD765B2-EA1D-4E1C-95B4-8B3DD0A92AEC}"
EndProject
Global
	GlobalSection(SolutionConfigurationPlatforms) = preSolution
		Debug|Any CPU = Debug|Any CPU
		Release|Any CPU = Release|Any CPU
	EndGlobalSection
	GlobalSection(ProjectConfigurationPlatforms) = postSolution
		{8BD765B2-EA1D-4E1C-95B4-8B3DD0A92AEC}.Debug|Any CPU.ActiveCfg = Debug|Any CPU
		{8BD765B2-EA1D-4E1C-95B4-8B3DD0A92AEC}.Debug|Any CPU.Build.0 = Debug|Any CPU
		{8BD765B2-EA1D-4E1C-95B4-8B3DD0A92AEC}.Release|Any CPU.ActiveCfg = Release|Any CPU
		{8BD765B2-EA1D-4E1C-95B4-8B3DD0A92AEC}.Release|Any CPU.Build.0 = Release|Any CPU
	EndGlobalSection
	GlobalSection(SolutionProperties) = preSolution
		HideSolutionNode = FALSE
	EndGlobalSection
	GlobalSection(ExtensibilityGlobals) = postSolution
		SolutionGuid = {049B7E65-3500-43A8-A837-07119BCB791F}
	EndGlobalSection
EndGlobal
