
Microsoft Visual Studio Solution File, Format Version 12.00
# Visual Studio Version 17
VisualStudioVersion = 17.7.34003.232
MinimumVisualStudioVersion = 10.0.40219.1
Project("{FAE04EC0-301F-11D3-BF4B-00C04F79EFBC}") = "LINQ_CSHARP", "LINQ_CSHARP\LINQ_CSHARP.csproj", "{6F680ACC-76E7-4C93-989D-64641EF8B652}"
EndProject
Global
	GlobalSection(SolutionConfigurationPlatforms) = preSolution
		Debug|Any CPU = Debug|Any CPU
		Release|Any CPU = Release|Any CPU
	EndGlobalSection
	GlobalSection(ProjectConfigurationPlatforms) = postSolution
		{6F680ACC-76E7-4C93-989D-64641EF8B652}.Debug|Any CPU.ActiveCfg = Debug|Any CPU
		{6F680ACC-76E7-4C93-989D-64641EF8B652}.Debug|Any CPU.Build.0 = Debug|Any CPU
		{6F680ACC-76E7-4C93-989D-64641EF8B652}.Release|Any CPU.ActiveCfg = Release|Any CPU
		{6F680ACC-76E7-4C93-989D-64641EF8B652}.Release|Any CPU.Build.0 = Release|Any CPU
	EndGlobalSection
	GlobalSection(SolutionProperties) = preSolution
		HideSolutionNode = FALSE
	EndGlobalSection
	GlobalSection(ExtensibilityGlobals) = postSolution
		SolutionGuid = {9114A2F4-7C43-4B22-B13D-89FE5D27D978}
	EndGlobalSection
EndGlobal
