
Microsoft Visual Studio Solution File, Format Version 12.00
# Visual Studio Version 17
VisualStudioVersion = 17.7.34003.232
MinimumVisualStudioVersion = 10.0.40219.1
Project("{FAE04EC0-301F-11D3-BF4B-00C04F79EFBC}") = "Polymorphism-MethodFtnOverloading", "Polymorphism-MethodFtnOverloading\Polymorphism-MethodFtnOverloading.csproj", "{88BF087F-2654-4EF8-9E7B-3911551B3733}"
EndProject
Global
	GlobalSection(SolutionConfigurationPlatforms) = preSolution
		Debug|Any CPU = Debug|Any CPU
		Release|Any CPU = Release|Any CPU
	EndGlobalSection
	GlobalSection(ProjectConfigurationPlatforms) = postSolution
		{88BF087F-2654-4EF8-9E7B-3911551B3733}.Debug|Any CPU.ActiveCfg = Debug|Any CPU
		{88BF087F-2654-4EF8-9E7B-3911551B3733}.Debug|Any CPU.Build.0 = Debug|Any CPU
		{88BF087F-2654-4EF8-9E7B-3911551B3733}.Release|Any CPU.ActiveCfg = Release|Any CPU
		{88BF087F-2654-4EF8-9E7B-3911551B3733}.Release|Any CPU.Build.0 = Release|Any CPU
	EndGlobalSection
	GlobalSection(SolutionProperties) = preSolution
		HideSolutionNode = FALSE
	EndGlobalSection
	GlobalSection(ExtensibilityGlobals) = postSolution
		SolutionGuid = {019A4E73-C700-49B0-9F80-69222F005CDD}
	EndGlobalSection
EndGlobal
