
Microsoft Visual Studio Solution File, Format Version 12.00
# Visual Studio Version 17
VisualStudioVersion = 17.7.34003.232
MinimumVisualStudioVersion = 10.0.40219.1
Project("{FAE04EC0-301F-11D3-BF4B-00C04F79EFBC}") = "Anonymous_Function_Demo_CSharp", "Anonymous_Function_Demo_CSharp\Anonymous_Function_Demo_CSharp.csproj", "{95008EB9-3C8A-430F-B93E-4F77805A591F}"
EndProject
Global
	GlobalSection(SolutionConfigurationPlatforms) = preSolution
		Debug|Any CPU = Debug|Any CPU
		Release|Any CPU = Release|Any CPU
	EndGlobalSection
	GlobalSection(ProjectConfigurationPlatforms) = postSolution
		{95008EB9-3C8A-430F-B93E-4F77805A591F}.Debug|Any CPU.ActiveCfg = Debug|Any CPU
		{95008EB9-3C8A-430F-B93E-4F77805A591F}.Debug|Any CPU.Build.0 = Debug|Any CPU
		{95008EB9-3C8A-430F-B93E-4F77805A591F}.Release|Any CPU.ActiveCfg = Release|Any CPU
		{95008EB9-3C8A-430F-B93E-4F77805A591F}.Release|Any CPU.Build.0 = Release|Any CPU
	EndGlobalSection
	GlobalSection(SolutionProperties) = preSolution
		HideSolutionNode = FALSE
	EndGlobalSection
	GlobalSection(ExtensibilityGlobals) = postSolution
		SolutionGuid = {4979342E-EBF4-4E8E-932B-B8D2191A7E9E}
	EndGlobalSection
EndGlobal
