
Microsoft Visual Studio Solution File, Format Version 12.00
# Visual Studio Version 17
VisualStudioVersion = 17.7.34003.232
MinimumVisualStudioVersion = 10.0.40219.1
Project("{FAE04EC0-301F-11D3-BF4B-00C04F79EFBC}") = "Collection_CSharp", "Collection_CSharp\Collection_CSharp.csproj", "{1D1C213D-84C6-412B-ADD0-0DF2D34DBBFC}"
EndProject
Global
	GlobalSection(SolutionConfigurationPlatforms) = preSolution
		Debug|Any CPU = Debug|Any CPU
		Release|Any CPU = Release|Any CPU
	EndGlobalSection
	GlobalSection(ProjectConfigurationPlatforms) = postSolution
		{1D1C213D-84C6-412B-ADD0-0DF2D34DBBFC}.Debug|Any CPU.ActiveCfg = Debug|Any CPU
		{1D1C213D-84C6-412B-ADD0-0DF2D34DBBFC}.Debug|Any CPU.Build.0 = Debug|Any CPU
		{1D1C213D-84C6-412B-ADD0-0DF2D34DBBFC}.Release|Any CPU.ActiveCfg = Release|Any CPU
		{1D1C213D-84C6-412B-ADD0-0DF2D34DBBFC}.Release|Any CPU.Build.0 = Release|Any CPU
	EndGlobalSection
	GlobalSection(SolutionProperties) = preSolution
		HideSolutionNode = FALSE
	EndGlobalSection
	GlobalSection(ExtensibilityGlobals) = postSolution
		SolutionGuid = {2F98A5FC-A385-4192-A0A4-DE422C5DA094}
	EndGlobalSection
EndGlobal
