
Microsoft Visual Studio Solution File, Format Version 12.00
# Visual Studio Version 17
VisualStudioVersion = 17.7.34003.232
MinimumVisualStudioVersion = 10.0.40219.1
Project("{FAE04EC0-301F-11D3-BF4B-00C04F79EFBC}") = "Sealed_Classes", "Sealed_Classes\Sealed_Classes.csproj", "{40E3A959-3C0A-49C8-BAD3-8081098566E7}"
EndProject
Global
	GlobalSection(SolutionConfigurationPlatforms) = preSolution
		Debug|Any CPU = Debug|Any CPU
		Release|Any CPU = Release|Any CPU
	EndGlobalSection
	GlobalSection(ProjectConfigurationPlatforms) = postSolution
		{40E3A959-3C0A-49C8-BAD3-8081098566E7}.Debug|Any CPU.ActiveCfg = Debug|Any CPU
		{40E3A959-3C0A-49C8-BAD3-8081098566E7}.Debug|Any CPU.Build.0 = Debug|Any CPU
		{40E3A959-3C0A-49C8-BAD3-8081098566E7}.Release|Any CPU.ActiveCfg = Release|Any CPU
		{40E3A959-3C0A-49C8-BAD3-8081098566E7}.Release|Any CPU.Build.0 = Release|Any CPU
	EndGlobalSection
	GlobalSection(SolutionProperties) = preSolution
		HideSolutionNode = FALSE
	EndGlobalSection
	GlobalSection(ExtensibilityGlobals) = postSolution
		SolutionGuid = {369D71CF-ADD0-4676-93A4-8302B5E520AA}
	EndGlobalSection
EndGlobal
