
Microsoft Visual Studio Solution File, Format Version 12.00
# Visual Studio Version 17
VisualStudioVersion = 17.7.34003.232
MinimumVisualStudioVersion = 10.0.40219.1
Project("{FAE04EC0-301F-11D3-BF4B-00C04F79EFBC}") = "Method_Overriding", "Method_Overriding\Method_Overriding.csproj", "{F563523A-74FE-492A-96A0-A47CF0147031}"
EndProject
Global
	GlobalSection(SolutionConfigurationPlatforms) = preSolution
		Debug|Any CPU = Debug|Any CPU
		Release|Any CPU = Release|Any CPU
	EndGlobalSection
	GlobalSection(ProjectConfigurationPlatforms) = postSolution
		{F563523A-74FE-492A-96A0-A47CF0147031}.Debug|Any CPU.ActiveCfg = Debug|Any CPU
		{F563523A-74FE-492A-96A0-A47CF0147031}.Debug|Any CPU.Build.0 = Debug|Any CPU
		{F563523A-74FE-492A-96A0-A47CF0147031}.Release|Any CPU.ActiveCfg = Release|Any CPU
		{F563523A-74FE-492A-96A0-A47CF0147031}.Release|Any CPU.Build.0 = Release|Any CPU
	EndGlobalSection
	GlobalSection(SolutionProperties) = preSolution
		HideSolutionNode = FALSE
	EndGlobalSection
	GlobalSection(ExtensibilityGlobals) = postSolution
		SolutionGuid = {32FD25FB-702B-457C-8D18-89E2059F053D}
	EndGlobalSection
EndGlobal
