
Microsoft Visual Studio Solution File, Format Version 12.00
# Visual Studio Version 17
VisualStudioVersion = 17.7.34003.232
MinimumVisualStudioVersion = 10.0.40219.1
Project("{FAE04EC0-301F-11D3-BF4B-00C04F79EFBC}") = "Lambda-Expressions", "Lambda-Expressions\Lambda-Expressions.csproj", "{672637ED-8F76-4E1C-924F-64CFC1AA10F0}"
EndProject
Global
	GlobalSection(SolutionConfigurationPlatforms) = preSolution
		Debug|Any CPU = Debug|Any CPU
		Release|Any CPU = Release|Any CPU
	EndGlobalSection
	GlobalSection(ProjectConfigurationPlatforms) = postSolution
		{672637ED-8F76-4E1C-924F-64CFC1AA10F0}.Debug|Any CPU.ActiveCfg = Debug|Any CPU
		{672637ED-8F76-4E1C-924F-64CFC1AA10F0}.Debug|Any CPU.Build.0 = Debug|Any CPU
		{672637ED-8F76-4E1C-924F-64CFC1AA10F0}.Release|Any CPU.ActiveCfg = Release|Any CPU
		{672637ED-8F76-4E1C-924F-64CFC1AA10F0}.Release|Any CPU.Build.0 = Release|Any CPU
	EndGlobalSection
	GlobalSection(SolutionProperties) = preSolution
		HideSolutionNode = FALSE
	EndGlobalSection
	GlobalSection(ExtensibilityGlobals) = postSolution
		SolutionGuid = {ED860093-CCDD-4750-BD5B-942652F05793}
	EndGlobalSection
EndGlobal
